
Microsoft Visual Studio Solution File, Format Version 12.00
# Visual Studio Version 17
VisualStudioVersion = 17.2.32630.192
MinimumVisualStudioVersion = 10.0.40219.1
Project("{9A19103F-16F7-4668-BE54-9A1E7A4F7556}") = "R5T.E0072", "R5T.E0072\R5T.E0072.csproj", "{4CB8BB07-5010-495B-8EC5-F965CE5127EC}"
EndProject
Project("{2150E333-8FDC-42A3-9474-1A3956D46DE8}") = "_Dependencies", "_Dependencies", "{55879682-FA49-4795-B0ED-7DD8DD010705}"
EndProject
Project("{9A19103F-16F7-4668-BE54-9A1E7A4F7556}") = "R5T.F0000", "..\..\R5T.F0000\source\R5T.F0000\R5T.F0000.csproj", "{319BA89A-6652-4873-8A73-6799CC450B56}"
EndProject
Project("{9A19103F-16F7-4668-BE54-9A1E7A4F7556}") = "R5T.F0002", "..\..\R5T.F0002\source\R5T.F0002\R5T.F0002.csproj", "{2CF51B80-A5B8-4ABB-9135-F02BAFF1ED1C}"
EndProject
Project("{9A19103F-16F7-4668-BE54-9A1E7A4F7556}") = "R5T.F0120", "..\..\R5T.F0120\source\R5T.F0120\R5T.F0120.csproj", "{108AC388-8671-43FD-9D49-143A57B86039}"
EndProject
Project("{9A19103F-16F7-4668-BE54-9A1E7A4F7556}") = "R5T.F0124", "..\..\R5T.F0124\source\R5T.F0124\R5T.F0124.csproj", "{AE5A66E5-501D-4095-B410-B1333E11B438}"
EndProject
Project("{9A19103F-16F7-4668-BE54-9A1E7A4F7556}") = "R5T.F0125", "..\..\R5T.F0125\source\R5T.F0125\R5T.F0125.csproj", "{7F0A0EAD-8837-4C2F-8351-568170E85869}"
EndProject
Project("{9A19103F-16F7-4668-BE54-9A1E7A4F7556}") = "R5T.L0030.T000", "..\..\R5T.L0030\source\R5T.L0030.T000\R5T.L0030.T000.csproj", "{C85D4D7A-C85E-4B1E-9069-740E17234014}"
EndProject
Project("{9A19103F-16F7-4668-BE54-9A1E7A4F7556}") = "R5T.L0030", "..\..\R5T.L0030\source\R5T.L0030\R5T.L0030.csproj", "{9E6B001E-230B-4359-B791-32924FDDAAFC}"
EndProject
Project("{9A19103F-16F7-4668-BE54-9A1E7A4F7556}") = "R5T.L0034", "..\..\R5T.L0034\source\R5T.L0034\R5T.L0034.csproj", "{50DEC4AD-F2D0-4418-80B9-B9BAE2F76833}"
EndProject
Project("{9A19103F-16F7-4668-BE54-9A1E7A4F7556}") = "R5T.L0035", "..\..\R5T.L0035\source\R5T.L0035\R5T.L0035.csproj", "{9BAF33E1-703E-41A0-A0C7-460B16244006}"
EndProject
Project("{9A19103F-16F7-4668-BE54-9A1E7A4F7556}") = "R5T.NG0022", "..\..\R5T.NG0022\source\R5T.NG0022\R5T.NG0022.csproj", "{1227EA28-ACEB-404E-88F3-01195C5F2B41}"
EndProject
Project("{9A19103F-16F7-4668-BE54-9A1E7A4F7556}") = "R5T.T0131", "..\..\R5T.T0131\source\R5T.T0131\R5T.T0131.csproj", "{0EAEF1D3-6885-4C5A-BD4F-1282866BA06F}"
EndProject
Project("{9A19103F-16F7-4668-BE54-9A1E7A4F7556}") = "R5T.T0132", "..\..\R5T.T0132\source\R5T.T0132\R5T.T0132.csproj", "{8B23230A-96EA-472D-AE33-61751634B255}"
EndProject
Project("{9A19103F-16F7-4668-BE54-9A1E7A4F7556}") = "R5T.T0142", "..\..\R5T.T0142\source\R5T.T0142\R5T.T0142.csproj", "{9A8595AE-6F6C-4436-A810-2019F65C3CD1}"
EndProject
Project("{9A19103F-16F7-4668-BE54-9A1E7A4F7556}") = "R5T.T0143", "..\..\R5T.T0143\source\R5T.T0143\R5T.T0143.csproj", "{23DDBB6B-0953-43BB-AA47-14EF55B14C77}"
EndProject
Project("{9A19103F-16F7-4668-BE54-9A1E7A4F7556}") = "R5T.T0156", "..\..\R5T.T0156\source\R5T.T0156\R5T.T0156.csproj", "{AE45FD3F-C05B-435A-B7F4-8E2401DC4274}"
EndProject
Project("{9A19103F-16F7-4668-BE54-9A1E7A4F7556}") = "R5T.T0174", "..\..\R5T.T0174\source\R5T.T0174\R5T.T0174.csproj", "{5FBFF781-49B2-4796-B391-1704017FF62F}"
EndProject
Project("{9A19103F-16F7-4668-BE54-9A1E7A4F7556}") = "R5T.T0176", "..\..\R5T.T0176\source\R5T.T0176\R5T.T0176.csproj", "{2AFDEE87-1B48-4787-8AB1-F5927263110E}"
EndProject
Project("{9A19103F-16F7-4668-BE54-9A1E7A4F7556}") = "R5T.T0177", "..\..\R5T.T0177\source\R5T.T0177\R5T.T0177.csproj", "{73FC6C4A-218E-4E05-866B-FCA11EE2DBE2}"
EndProject
Project("{9A19103F-16F7-4668-BE54-9A1E7A4F7556}") = "R5T.T0178", "..\..\R5T.T0178\source\R5T.T0178\R5T.T0178.csproj", "{12E5D353-D2A5-4A68-92F3-3C872C26DF69}"
EndProject
Project("{9A19103F-16F7-4668-BE54-9A1E7A4F7556}") = "R5T.T0179", "..\..\R5T.T0179\source\R5T.T0179\R5T.T0179.csproj", "{3A9604A5-01E1-4BC5-AD33-3184AA4C7401}"
EndProject
Project("{9A19103F-16F7-4668-BE54-9A1E7A4F7556}") = "R5T.T0180", "..\..\R5T.T0180\source\R5T.T0180\R5T.T0180.csproj", "{F0F52D76-AD00-4CCA-8A06-492FAFFE9FDA}"
EndProject
Project("{9A19103F-16F7-4668-BE54-9A1E7A4F7556}") = "R5T.T0181", "..\..\R5T.T0181\source\R5T.T0181\R5T.T0181.csproj", "{8AD0E561-442B-41EA-B2B0-774A762B7EAA}"
EndProject
Project("{9A19103F-16F7-4668-BE54-9A1E7A4F7556}") = "R5T.T0185", "..\..\R5T.T0185\source\R5T.T0185\R5T.T0185.csproj", "{8FC9D154-5F04-4796-83D3-1BE838851505}"
EndProject
Project("{9A19103F-16F7-4668-BE54-9A1E7A4F7556}") = "R5T.T0203", "..\..\R5T.T0203\source\R5T.T0203\R5T.T0203.csproj", "{AAB5EBC3-84B2-424D-9E08-5FA442C1AD77}"
EndProject
Project("{9A19103F-16F7-4668-BE54-9A1E7A4F7556}") = "R5T.Y0000", "..\..\R5T.Y0000\source\R5T.Y0000\R5T.Y0000.csproj", "{26F8D25D-1FB6-453C-8C29-814FFC28B5AF}"
EndProject
Project("{9A19103F-16F7-4668-BE54-9A1E7A4F7556}") = "R5T.Z0000", "..\..\R5T.Z0000\source\R5T.Z0000\R5T.Z0000.csproj", "{C37BEB06-828A-46E1-AA44-BFFC04DB6F1B}"
EndProject
Project("{9A19103F-16F7-4668-BE54-9A1E7A4F7556}") = "R5T.T0141", "..\..\R5T.T0141\source\R5T.T0141\R5T.T0141.csproj", "{5519B4AB-F728-4F1D-ACA6-78EE52D61A18}"
EndProject
Project("{9A19103F-16F7-4668-BE54-9A1E7A4F7556}") = "R5T.F0138", "..\..\R5T.F0138\source\R5T.F0138\R5T.F0138.csproj", "{F61A30FB-40CD-4B1C-AC50-A4BD51DA31DA}"
EndProject
Project("{9A19103F-16F7-4668-BE54-9A1E7A4F7556}") = "R5T.F0139", "..\..\R5T.F0139\source\R5T.F0139\R5T.F0139.csproj", "{3DE38824-BC1D-49F9-9E4B-5A89240FCC8B}"
EndProject
Project("{9A19103F-16F7-4668-BE54-9A1E7A4F7556}") = "R5T.F0140", "..\..\R5T.F0140\source\R5T.F0140\R5T.F0140.csproj", "{9E6408D2-C3E5-4399-8376-C1443A75BA4D}"
EndProject
Project("{9A19103F-16F7-4668-BE54-9A1E7A4F7556}") = "R5T.T0150", "..\..\R5T.T0150\source\R5T.T0150\R5T.T0150.csproj", "{A3CD01F5-A497-42C7-B0F4-FE15C4EB6B40}"
EndProject
Project("{9A19103F-16F7-4668-BE54-9A1E7A4F7556}") = "R5T.T0151", "..\..\R5T.T0151\source\R5T.T0151\R5T.T0151.csproj", "{B92FEC91-75BD-45C5-957D-83025EF85153}"
EndProject
Project("{9A19103F-16F7-4668-BE54-9A1E7A4F7556}") = "R5T.T0162", "..\..\R5T.T0162\source\R5T.T0162\R5T.T0162.csproj", "{F1595C9E-BC09-4E48-9C1D-2A42D1A770D4}"
EndProject
Project("{9A19103F-16F7-4668-BE54-9A1E7A4F7556}") = "R5T.T0172", "..\..\R5T.T0172\source\R5T.T0172\R5T.T0172.csproj", "{BF46B028-1507-49DA-A2F9-A2C2CDD0C934}"
EndProject
Project("{9A19103F-16F7-4668-BE54-9A1E7A4F7556}") = "R5T.T0211", "..\..\R5T.T0211\source\R5T.T0211\R5T.T0211.csproj", "{3CDECABA-D296-4E39-A50C-5E724AF9FC11}"
EndProject
Project("{9A19103F-16F7-4668-BE54-9A1E7A4F7556}") = "R5T.T0212.F000", "..\..\R5T.T0212\source\R5T.T0212.F000\R5T.T0212.F000.csproj", "{CDF9ADFA-7CB1-4454-B9C4-953BE44F34A1}"
EndProject
Project("{9A19103F-16F7-4668-BE54-9A1E7A4F7556}") = "R5T.T0212.Z000", "..\..\R5T.T0212\source\R5T.T0212.Z000\R5T.T0212.Z000.csproj", "{EB4E5BC4-A9D8-488F-BBD9-643534000769}"
EndProject
Project("{9A19103F-16F7-4668-BE54-9A1E7A4F7556}") = "R5T.T0212", "..\..\R5T.T0212\source\R5T.T0212\R5T.T0212.csproj", "{291E9436-3E33-42CC-B87B-2DD3B7CFAF3E}"
EndProject
Project("{9A19103F-16F7-4668-BE54-9A1E7A4F7556}") = "R5T.T0213", "..\..\R5T.T0213\source\R5T.T0213\R5T.T0213.csproj", "{055787E9-B49B-4283-91E3-4B1AAF55E67B}"
EndProject
Project("{9A19103F-16F7-4668-BE54-9A1E7A4F7556}") = "R5T.T0214.Z001", "..\..\R5T.T0214\source\R5T.T0214.Z001\R5T.T0214.Z001.csproj", "{CD630F9B-A12F-4FB1-B0B4-FBD74A228DC4}"
EndProject
Project("{9A19103F-16F7-4668-BE54-9A1E7A4F7556}") = "R5T.T0214", "..\..\R5T.T0214\source\R5T.T0214\R5T.T0214.csproj", "{AB5D58FB-22C8-4117-BA4E-BD6761E20FD0}"
EndProject
Project("{9A19103F-16F7-4668-BE54-9A1E7A4F7556}") = "R5T.T0215.Z000", "..\..\R5T.T0215\source\R5T.T0215.Z000\R5T.T0215.Z000.csproj", "{F26B0AC3-7EA0-4A74-BC24-275AE5C8F838}"
EndProject
Project("{9A19103F-16F7-4668-BE54-9A1E7A4F7556}") = "R5T.T0215", "..\..\R5T.T0215\source\R5T.T0215\R5T.T0215.csproj", "{7E2E80FF-D88B-4F8F-8B04-204097C396D9}"
EndProject
Project("{9A19103F-16F7-4668-BE54-9A1E7A4F7556}") = "R5T.T0216.F001", "..\..\R5T.T0216\source\R5T.T0216.F001\R5T.T0216.F001.csproj", "{838F573A-5E2D-4058-A1A3-127267CB6A5B}"
EndProject
Project("{9A19103F-16F7-4668-BE54-9A1E7A4F7556}") = "R5T.T0216", "..\..\R5T.T0216\source\R5T.T0216\R5T.T0216.csproj", "{6BE2EDDF-89C9-4243-AF75-574C9BD67DF4}"
EndProject
Project("{9A19103F-16F7-4668-BE54-9A1E7A4F7556}") = "R5T.T0217.F001", "..\..\R5T.T0217\source\R5T.T0217.F001\R5T.T0217.F001.csproj", "{F287F986-03DD-4DD7-97B8-5AAF0B5D0843}"
EndProject
Project("{9A19103F-16F7-4668-BE54-9A1E7A4F7556}") = "R5T.T0217", "..\..\R5T.T0217\source\R5T.T0217\R5T.T0217.csproj", "{D9853829-47D9-4923-BF8A-506B7CB4F56A}"
EndProject
Project("{9A19103F-16F7-4668-BE54-9A1E7A4F7556}") = "R5T.T0218", "..\..\R5T.T0218\source\R5T.T0218\R5T.T0218.csproj", "{3CC9B24F-583A-42C2-B147-F5648D923F60}"
EndProject
Project("{9A19103F-16F7-4668-BE54-9A1E7A4F7556}") = "R5T.T0219", "..\..\R5T.T0219\source\R5T.T0219\R5T.T0219.csproj", "{EF78AB42-6E54-46EF-B6DD-F6BBD5A60A1A}"
EndProject
Project("{9A19103F-16F7-4668-BE54-9A1E7A4F7556}") = "R5T.Z0015", "..\..\R5T.Z0015\source\R5T.Z0015\R5T.Z0015.csproj", "{E546CB77-EA3A-4328-AD14-1144600A071B}"
EndProject
Project("{9A19103F-16F7-4668-BE54-9A1E7A4F7556}") = "R5T.Z0044.Z000", "..\..\R5T.Z0044\source\R5T.Z0044.Z000\R5T.Z0044.Z000.csproj", "{DA7C9721-30E3-4940-90D1-E992F9D32018}"
EndProject
Project("{9A19103F-16F7-4668-BE54-9A1E7A4F7556}") = "R5T.Z0057", "..\..\R5T.Z0057\source\R5T.Z0057\R5T.Z0057.csproj", "{72F3A740-15D8-4971-A00F-8E3A1EF7AB5D}"
EndProject
Project("{9A19103F-16F7-4668-BE54-9A1E7A4F7556}") = "R5T.Z0058", "..\..\R5T.Z0058\source\R5T.Z0058\R5T.Z0058.csproj", "{F4AA264A-1D36-43B9-9647-B0A2B89952D4}"
EndProject
Global
	GlobalSection(NestedProjects) = preSolution
		{319BA89A-6652-4873-8A73-6799CC450B56} = {55879682-FA49-4795-B0ED-7DD8DD010705}
		{2CF51B80-A5B8-4ABB-9135-F02BAFF1ED1C} = {55879682-FA49-4795-B0ED-7DD8DD010705}
		{108AC388-8671-43FD-9D49-143A57B86039} = {55879682-FA49-4795-B0ED-7DD8DD010705}
		{AE5A66E5-501D-4095-B410-B1333E11B438} = {55879682-FA49-4795-B0ED-7DD8DD010705}
		{7F0A0EAD-8837-4C2F-8351-568170E85869} = {55879682-FA49-4795-B0ED-7DD8DD010705}
		{C85D4D7A-C85E-4B1E-9069-740E17234014} = {55879682-FA49-4795-B0ED-7DD8DD010705}
		{9E6B001E-230B-4359-B791-32924FDDAAFC} = {55879682-FA49-4795-B0ED-7DD8DD010705}
		{50DEC4AD-F2D0-4418-80B9-B9BAE2F76833} = {55879682-FA49-4795-B0ED-7DD8DD010705}
		{9BAF33E1-703E-41A0-A0C7-460B16244006} = {55879682-FA49-4795-B0ED-7DD8DD010705}
		{1227EA28-ACEB-404E-88F3-01195C5F2B41} = {55879682-FA49-4795-B0ED-7DD8DD010705}
		{0EAEF1D3-6885-4C5A-BD4F-1282866BA06F} = {55879682-FA49-4795-B0ED-7DD8DD010705}
		{8B23230A-96EA-472D-AE33-61751634B255} = {55879682-FA49-4795-B0ED-7DD8DD010705}
		{9A8595AE-6F6C-4436-A810-2019F65C3CD1} = {55879682-FA49-4795-B0ED-7DD8DD010705}
		{23DDBB6B-0953-43BB-AA47-14EF55B14C77} = {55879682-FA49-4795-B0ED-7DD8DD010705}
		{AE45FD3F-C05B-435A-B7F4-8E2401DC4274} = {55879682-FA49-4795-B0ED-7DD8DD010705}
		{5FBFF781-49B2-4796-B391-1704017FF62F} = {55879682-FA49-4795-B0ED-7DD8DD010705}
		{2AFDEE87-1B48-4787-8AB1-F5927263110E} = {55879682-FA49-4795-B0ED-7DD8DD010705}
		{73FC6C4A-218E-4E05-866B-FCA11EE2DBE2} = {55879682-FA49-4795-B0ED-7DD8DD010705}
		{12E5D353-D2A5-4A68-92F3-3C872C26DF69} = {55879682-FA49-4795-B0ED-7DD8DD010705}
		{3A9604A5-01E1-4BC5-AD33-3184AA4C7401} = {55879682-FA49-4795-B0ED-7DD8DD010705}
		{F0F52D76-AD00-4CCA-8A06-492FAFFE9FDA} = {55879682-FA49-4795-B0ED-7DD8DD010705}
		{8AD0E561-442B-41EA-B2B0-774A762B7EAA} = {55879682-FA49-4795-B0ED-7DD8DD010705}
		{8FC9D154-5F04-4796-83D3-1BE838851505} = {55879682-FA49-4795-B0ED-7DD8DD010705}
		{AAB5EBC3-84B2-424D-9E08-5FA442C1AD77} = {55879682-FA49-4795-B0ED-7DD8DD010705}
		{26F8D25D-1FB6-453C-8C29-814FFC28B5AF} = {55879682-FA49-4795-B0ED-7DD8DD010705}
		{C37BEB06-828A-46E1-AA44-BFFC04DB6F1B} = {55879682-FA49-4795-B0ED-7DD8DD010705}
		{5519B4AB-F728-4F1D-ACA6-78EE52D61A18} = {55879682-FA49-4795-B0ED-7DD8DD010705}
		{F61A30FB-40CD-4B1C-AC50-A4BD51DA31DA} = {55879682-FA49-4795-B0ED-7DD8DD010705}
		{3DE38824-BC1D-49F9-9E4B-5A89240FCC8B} = {55879682-FA49-4795-B0ED-7DD8DD010705}
		{9E6408D2-C3E5-4399-8376-C1443A75BA4D} = {55879682-FA49-4795-B0ED-7DD8DD010705}
		{A3CD01F5-A497-42C7-B0F4-FE15C4EB6B40} = {55879682-FA49-4795-B0ED-7DD8DD010705}
		{B92FEC91-75BD-45C5-957D-83025EF85153} = {55879682-FA49-4795-B0ED-7DD8DD010705}
		{F1595C9E-BC09-4E48-9C1D-2A42D1A770D4} = {55879682-FA49-4795-B0ED-7DD8DD010705}
		{BF46B028-1507-49DA-A2F9-A2C2CDD0C934} = {55879682-FA49-4795-B0ED-7DD8DD010705}
		{3CDECABA-D296-4E39-A50C-5E724AF9FC11} = {55879682-FA49-4795-B0ED-7DD8DD010705}
		{CDF9ADFA-7CB1-4454-B9C4-953BE44F34A1} = {55879682-FA49-4795-B0ED-7DD8DD010705}
		{EB4E5BC4-A9D8-488F-BBD9-643534000769} = {55879682-FA49-4795-B0ED-7DD8DD010705}
		{291E9436-3E33-42CC-B87B-2DD3B7CFAF3E} = {55879682-FA49-4795-B0ED-7DD8DD010705}
		{055787E9-B49B-4283-91E3-4B1AAF55E67B} = {55879682-FA49-4795-B0ED-7DD8DD010705}
		{CD630F9B-A12F-4FB1-B0B4-FBD74A228DC4} = {55879682-FA49-4795-B0ED-7DD8DD010705}
		{AB5D58FB-22C8-4117-BA4E-BD6761E20FD0} = {55879682-FA49-4795-B0ED-7DD8DD010705}
		{F26B0AC3-7EA0-4A74-BC24-275AE5C8F838} = {55879682-FA49-4795-B0ED-7DD8DD010705}
		{7E2E80FF-D88B-4F8F-8B04-204097C396D9} = {55879682-FA49-4795-B0ED-7DD8DD010705}
		{838F573A-5E2D-4058-A1A3-127267CB6A5B} = {55879682-FA49-4795-B0ED-7DD8DD010705}
		{6BE2EDDF-89C9-4243-AF75-574C9BD67DF4} = {55879682-FA49-4795-B0ED-7DD8DD010705}
		{F287F986-03DD-4DD7-97B8-5AAF0B5D0843} = {55879682-FA49-4795-B0ED-7DD8DD010705}
		{D9853829-47D9-4923-BF8A-506B7CB4F56A} = {55879682-FA49-4795-B0ED-7DD8DD010705}
		{3CC9B24F-583A-42C2-B147-F5648D923F60} = {55879682-FA49-4795-B0ED-7DD8DD010705}
		{EF78AB42-6E54-46EF-B6DD-F6BBD5A60A1A} = {55879682-FA49-4795-B0ED-7DD8DD010705}
		{E546CB77-EA3A-4328-AD14-1144600A071B} = {55879682-FA49-4795-B0ED-7DD8DD010705}
		{DA7C9721-30E3-4940-90D1-E992F9D32018} = {55879682-FA49-4795-B0ED-7DD8DD010705}
		{72F3A740-15D8-4971-A00F-8E3A1EF7AB5D} = {55879682-FA49-4795-B0ED-7DD8DD010705}
		{F4AA264A-1D36-43B9-9647-B0A2B89952D4} = {55879682-FA49-4795-B0ED-7DD8DD010705}
	EndGlobalSection
	GlobalSection(SolutionConfigurationPlatforms) = preSolution
		Debug|Any CPU = Debug|Any CPU
		Release|Any CPU = Release|Any CPU
	EndGlobalSection
	GlobalSection(ProjectConfigurationPlatforms) = postSolution
		{4CB8BB07-5010-495B-8EC5-F965CE5127EC}.Debug|Any CPU.ActiveCfg = Debug|Any CPU
		{4CB8BB07-5010-495B-8EC5-F965CE5127EC}.Debug|Any CPU.Build.0 = Debug|Any CPU
		{4CB8BB07-5010-495B-8EC5-F965CE5127EC}.Release|Any CPU.ActiveCfg = Release|Any CPU
		{4CB8BB07-5010-495B-8EC5-F965CE5127EC}.Release|Any CPU.Build.0 = Release|Any CPU
		{319BA89A-6652-4873-8A73-6799CC450B56}.Debug|Any CPU.ActiveCfg = Debug|Any CPU
		{319BA89A-6652-4873-8A73-6799CC450B56}.Debug|Any CPU.Build.0 = Debug|Any CPU
		{319BA89A-6652-4873-8A73-6799CC450B56}.Release|Any CPU.ActiveCfg = Release|Any CPU
		{319BA89A-6652-4873-8A73-6799CC450B56}.Release|Any CPU.Build.0 = Release|Any CPU
		{2CF51B80-A5B8-4ABB-9135-F02BAFF1ED1C}.Debug|Any CPU.ActiveCfg = Debug|Any CPU
		{2CF51B80-A5B8-4ABB-9135-F02BAFF1ED1C}.Debug|Any CPU.Build.0 = Debug|Any CPU
		{2CF51B80-A5B8-4ABB-9135-F02BAFF1ED1C}.Release|Any CPU.ActiveCfg = Release|Any CPU
		{2CF51B80-A5B8-4ABB-9135-F02BAFF1ED1C}.Release|Any CPU.Build.0 = Release|Any CPU
		{108AC388-8671-43FD-9D49-143A57B86039}.Debug|Any CPU.ActiveCfg = Debug|Any CPU
		{108AC388-8671-43FD-9D49-143A57B86039}.Debug|Any CPU.Build.0 = Debug|Any CPU
		{108AC388-8671-43FD-9D49-143A57B86039}.Release|Any CPU.ActiveCfg = Release|Any CPU
		{108AC388-8671-43FD-9D49-143A57B86039}.Release|Any CPU.Build.0 = Release|Any CPU
		{AE5A66E5-501D-4095-B410-B1333E11B438}.Debug|Any CPU.ActiveCfg = Debug|Any CPU
		{AE5A66E5-501D-4095-B410-B1333E11B438}.Debug|Any CPU.Build.0 = Debug|Any CPU
		{AE5A66E5-501D-4095-B410-B1333E11B438}.Release|Any CPU.ActiveCfg = Release|Any CPU
		{AE5A66E5-501D-4095-B410-B1333E11B438}.Release|Any CPU.Build.0 = Release|Any CPU
		{7F0A0EAD-8837-4C2F-8351-568170E85869}.Debug|Any CPU.ActiveCfg = Debug|Any CPU
		{7F0A0EAD-8837-4C2F-8351-568170E85869}.Debug|Any CPU.Build.0 = Debug|Any CPU
		{7F0A0EAD-8837-4C2F-8351-568170E85869}.Release|Any CPU.ActiveCfg = Release|Any CPU
		{7F0A0EAD-8837-4C2F-8351-568170E85869}.Release|Any CPU.Build.0 = Release|Any CPU
		{C85D4D7A-C85E-4B1E-9069-740E17234014}.Debug|Any CPU.ActiveCfg = Debug|Any CPU
		{C85D4D7A-C85E-4B1E-9069-740E17234014}.Debug|Any CPU.Build.0 = Debug|Any CPU
		{C85D4D7A-C85E-4B1E-9069-740E17234014}.Release|Any CPU.ActiveCfg = Release|Any CPU
		{C85D4D7A-C85E-4B1E-9069-740E17234014}.Release|Any CPU.Build.0 = Release|Any CPU
		{9E6B001E-230B-4359-B791-32924FDDAAFC}.Debug|Any CPU.ActiveCfg = Debug|Any CPU
		{9E6B001E-230B-4359-B791-32924FDDAAFC}.Debug|Any CPU.Build.0 = Debug|Any CPU
		{9E6B001E-230B-4359-B791-32924FDDAAFC}.Release|Any CPU.ActiveCfg = Release|Any CPU
		{9E6B001E-230B-4359-B791-32924FDDAAFC}.Release|Any CPU.Build.0 = Release|Any CPU
		{50DEC4AD-F2D0-4418-80B9-B9BAE2F76833}.Debug|Any CPU.ActiveCfg = Debug|Any CPU
		{50DEC4AD-F2D0-4418-80B9-B9BAE2F76833}.Debug|Any CPU.Build.0 = Debug|Any CPU
		{50DEC4AD-F2D0-4418-80B9-B9BAE2F76833}.Release|Any CPU.ActiveCfg = Release|Any CPU
		{50DEC4AD-F2D0-4418-80B9-B9BAE2F76833}.Release|Any CPU.Build.0 = Release|Any CPU
		{9BAF33E1-703E-41A0-A0C7-460B16244006}.Debug|Any CPU.ActiveCfg = Debug|Any CPU
		{9BAF33E1-703E-41A0-A0C7-460B16244006}.Debug|Any CPU.Build.0 = Debug|Any CPU
		{9BAF33E1-703E-41A0-A0C7-460B16244006}.Release|Any CPU.ActiveCfg = Release|Any CPU
		{9BAF33E1-703E-41A0-A0C7-460B16244006}.Release|Any CPU.Build.0 = Release|Any CPU
		{1227EA28-ACEB-404E-88F3-01195C5F2B41}.Debug|Any CPU.ActiveCfg = Debug|Any CPU
		{1227EA28-ACEB-404E-88F3-01195C5F2B41}.Debug|Any CPU.Build.0 = Debug|Any CPU
		{1227EA28-ACEB-404E-88F3-01195C5F2B41}.Release|Any CPU.ActiveCfg = Release|Any CPU
		{1227EA28-ACEB-404E-88F3-01195C5F2B41}.Release|Any CPU.Build.0 = Release|Any CPU
		{0EAEF1D3-6885-4C5A-BD4F-1282866BA06F}.Debug|Any CPU.ActiveCfg = Debug|Any CPU
		{0EAEF1D3-6885-4C5A-BD4F-1282866BA06F}.Debug|Any CPU.Build.0 = Debug|Any CPU
		{0EAEF1D3-6885-4C5A-BD4F-1282866BA06F}.Release|Any CPU.ActiveCfg = Release|Any CPU
		{0EAEF1D3-6885-4C5A-BD4F-1282866BA06F}.Release|Any CPU.Build.0 = Release|Any CPU
		{8B23230A-96EA-472D-AE33-61751634B255}.Debug|Any CPU.ActiveCfg = Debug|Any CPU
		{8B23230A-96EA-472D-AE33-61751634B255}.Debug|Any CPU.Build.0 = Debug|Any CPU
		{8B23230A-96EA-472D-AE33-61751634B255}.Release|Any CPU.ActiveCfg = Release|Any CPU
		{8B23230A-96EA-472D-AE33-61751634B255}.Release|Any CPU.Build.0 = Release|Any CPU
		{9A8595AE-6F6C-4436-A810-2019F65C3CD1}.Debug|Any CPU.ActiveCfg = Debug|Any CPU
		{9A8595AE-6F6C-4436-A810-2019F65C3CD1}.Debug|Any CPU.Build.0 = Debug|Any CPU
		{9A8595AE-6F6C-4436-A810-2019F65C3CD1}.Release|Any CPU.ActiveCfg = Release|Any CPU
		{9A8595AE-6F6C-4436-A810-2019F65C3CD1}.Release|Any CPU.Build.0 = Release|Any CPU
		{23DDBB6B-0953-43BB-AA47-14EF55B14C77}.Debug|Any CPU.ActiveCfg = Debug|Any CPU
		{23DDBB6B-0953-43BB-AA47-14EF55B14C77}.Debug|Any CPU.Build.0 = Debug|Any CPU
		{23DDBB6B-0953-43BB-AA47-14EF55B14C77}.Release|Any CPU.ActiveCfg = Release|Any CPU
		{23DDBB6B-0953-43BB-AA47-14EF55B14C77}.Release|Any CPU.Build.0 = Release|Any CPU
		{AE45FD3F-C05B-435A-B7F4-8E2401DC4274}.Debug|Any CPU.ActiveCfg = Debug|Any CPU
		{AE45FD3F-C05B-435A-B7F4-8E2401DC4274}.Debug|Any CPU.Build.0 = Debug|Any CPU
		{AE45FD3F-C05B-435A-B7F4-8E2401DC4274}.Release|Any CPU.ActiveCfg = Release|Any CPU
		{AE45FD3F-C05B-435A-B7F4-8E2401DC4274}.Release|Any CPU.Build.0 = Release|Any CPU
		{5FBFF781-49B2-4796-B391-1704017FF62F}.Debug|Any CPU.ActiveCfg = Debug|Any CPU
		{5FBFF781-49B2-4796-B391-1704017FF62F}.Debug|Any CPU.Build.0 = Debug|Any CPU
		{5FBFF781-49B2-4796-B391-1704017FF62F}.Release|Any CPU.ActiveCfg = Release|Any CPU
		{5FBFF781-49B2-4796-B391-1704017FF62F}.Release|Any CPU.Build.0 = Release|Any CPU
		{2AFDEE87-1B48-4787-8AB1-F5927263110E}.Debug|Any CPU.ActiveCfg = Debug|Any CPU
		{2AFDEE87-1B48-4787-8AB1-F5927263110E}.Debug|Any CPU.Build.0 = Debug|Any CPU
		{2AFDEE87-1B48-4787-8AB1-F5927263110E}.Release|Any CPU.ActiveCfg = Release|Any CPU
		{2AFDEE87-1B48-4787-8AB1-F5927263110E}.Release|Any CPU.Build.0 = Release|Any CPU
		{73FC6C4A-218E-4E05-866B-FCA11EE2DBE2}.Debug|Any CPU.ActiveCfg = Debug|Any CPU
		{73FC6C4A-218E-4E05-866B-FCA11EE2DBE2}.Debug|Any CPU.Build.0 = Debug|Any CPU
		{73FC6C4A-218E-4E05-866B-FCA11EE2DBE2}.Release|Any CPU.ActiveCfg = Release|Any CPU
		{73FC6C4A-218E-4E05-866B-FCA11EE2DBE2}.Release|Any CPU.Build.0 = Release|Any CPU
		{12E5D353-D2A5-4A68-92F3-3C872C26DF69}.Debug|Any CPU.ActiveCfg = Debug|Any CPU
		{12E5D353-D2A5-4A68-92F3-3C872C26DF69}.Debug|Any CPU.Build.0 = Debug|Any CPU
		{12E5D353-D2A5-4A68-92F3-3C872C26DF69}.Release|Any CPU.ActiveCfg = Release|Any CPU
		{12E5D353-D2A5-4A68-92F3-3C872C26DF69}.Release|Any CPU.Build.0 = Release|Any CPU
		{3A9604A5-01E1-4BC5-AD33-3184AA4C7401}.Debug|Any CPU.ActiveCfg = Debug|Any CPU
		{3A9604A5-01E1-4BC5-AD33-3184AA4C7401}.Debug|Any CPU.Build.0 = Debug|Any CPU
		{3A9604A5-01E1-4BC5-AD33-3184AA4C7401}.Release|Any CPU.ActiveCfg = Release|Any CPU
		{3A9604A5-01E1-4BC5-AD33-3184AA4C7401}.Release|Any CPU.Build.0 = Release|Any CPU
		{F0F52D76-AD00-4CCA-8A06-492FAFFE9FDA}.Debug|Any CPU.ActiveCfg = Debug|Any CPU
		{F0F52D76-AD00-4CCA-8A06-492FAFFE9FDA}.Debug|Any CPU.Build.0 = Debug|Any CPU
		{F0F52D76-AD00-4CCA-8A06-492FAFFE9FDA}.Release|Any CPU.ActiveCfg = Release|Any CPU
		{F0F52D76-AD00-4CCA-8A06-492FAFFE9FDA}.Release|Any CPU.Build.0 = Release|Any CPU
		{8AD0E561-442B-41EA-B2B0-774A762B7EAA}.Debug|Any CPU.ActiveCfg = Debug|Any CPU
		{8AD0E561-442B-41EA-B2B0-774A762B7EAA}.Debug|Any CPU.Build.0 = Debug|Any CPU
		{8AD0E561-442B-41EA-B2B0-774A762B7EAA}.Release|Any CPU.ActiveCfg = Release|Any CPU
		{8AD0E561-442B-41EA-B2B0-774A762B7EAA}.Release|Any CPU.Build.0 = Release|Any CPU
		{8FC9D154-5F04-4796-83D3-1BE838851505}.Debug|Any CPU.ActiveCfg = Debug|Any CPU
		{8FC9D154-5F04-4796-83D3-1BE838851505}.Debug|Any CPU.Build.0 = Debug|Any CPU
		{8FC9D154-5F04-4796-83D3-1BE838851505}.Release|Any CPU.ActiveCfg = Release|Any CPU
		{8FC9D154-5F04-4796-83D3-1BE838851505}.Release|Any CPU.Build.0 = Release|Any CPU
		{AAB5EBC3-84B2-424D-9E08-5FA442C1AD77}.Debug|Any CPU.ActiveCfg = Debug|Any CPU
		{AAB5EBC3-84B2-424D-9E08-5FA442C1AD77}.Debug|Any CPU.Build.0 = Debug|Any CPU
		{AAB5EBC3-84B2-424D-9E08-5FA442C1AD77}.Release|Any CPU.ActiveCfg = Release|Any CPU
		{AAB5EBC3-84B2-424D-9E08-5FA442C1AD77}.Release|Any CPU.Build.0 = Release|Any CPU
		{26F8D25D-1FB6-453C-8C29-814FFC28B5AF}.Debug|Any CPU.ActiveCfg = Debug|Any CPU
		{26F8D25D-1FB6-453C-8C29-814FFC28B5AF}.Debug|Any CPU.Build.0 = Debug|Any CPU
		{26F8D25D-1FB6-453C-8C29-814FFC28B5AF}.Release|Any CPU.ActiveCfg = Release|Any CPU
		{26F8D25D-1FB6-453C-8C29-814FFC28B5AF}.Release|Any CPU.Build.0 = Release|Any CPU
		{C37BEB06-828A-46E1-AA44-BFFC04DB6F1B}.Debug|Any CPU.ActiveCfg = Debug|Any CPU
		{C37BEB06-828A-46E1-AA44-BFFC04DB6F1B}.Debug|Any CPU.Build.0 = Debug|Any CPU
		{C37BEB06-828A-46E1-AA44-BFFC04DB6F1B}.Release|Any CPU.ActiveCfg = Release|Any CPU
		{C37BEB06-828A-46E1-AA44-BFFC04DB6F1B}.Release|Any CPU.Build.0 = Release|Any CPU
		{5519B4AB-F728-4F1D-ACA6-78EE52D61A18}.Debug|Any CPU.ActiveCfg = Debug|Any CPU
		{5519B4AB-F728-4F1D-ACA6-78EE52D61A18}.Debug|Any CPU.Build.0 = Debug|Any CPU
		{5519B4AB-F728-4F1D-ACA6-78EE52D61A18}.Release|Any CPU.ActiveCfg = Release|Any CPU
		{5519B4AB-F728-4F1D-ACA6-78EE52D61A18}.Release|Any CPU.Build.0 = Release|Any CPU
		{F61A30FB-40CD-4B1C-AC50-A4BD51DA31DA}.Debug|Any CPU.ActiveCfg = Debug|Any CPU
		{F61A30FB-40CD-4B1C-AC50-A4BD51DA31DA}.Debug|Any CPU.Build.0 = Debug|Any CPU
		{F61A30FB-40CD-4B1C-AC50-A4BD51DA31DA}.Release|Any CPU.ActiveCfg = Release|Any CPU
		{F61A30FB-40CD-4B1C-AC50-A4BD51DA31DA}.Release|Any CPU.Build.0 = Release|Any CPU
		{3DE38824-BC1D-49F9-9E4B-5A89240FCC8B}.Debug|Any CPU.ActiveCfg = Debug|Any CPU
		{3DE38824-BC1D-49F9-9E4B-5A89240FCC8B}.Debug|Any CPU.Build.0 = Debug|Any CPU
		{3DE38824-BC1D-49F9-9E4B-5A89240FCC8B}.Release|Any CPU.ActiveCfg = Release|Any CPU
		{3DE38824-BC1D-49F9-9E4B-5A89240FCC8B}.Release|Any CPU.Build.0 = Release|Any CPU
		{9E6408D2-C3E5-4399-8376-C1443A75BA4D}.Debug|Any CPU.ActiveCfg = Debug|Any CPU
		{9E6408D2-C3E5-4399-8376-C1443A75BA4D}.Debug|Any CPU.Build.0 = Debug|Any CPU
		{9E6408D2-C3E5-4399-8376-C1443A75BA4D}.Release|Any CPU.ActiveCfg = Release|Any CPU
		{9E6408D2-C3E5-4399-8376-C1443A75BA4D}.Release|Any CPU.Build.0 = Release|Any CPU
		{A3CD01F5-A497-42C7-B0F4-FE15C4EB6B40}.Debug|Any CPU.ActiveCfg = Debug|Any CPU
		{A3CD01F5-A497-42C7-B0F4-FE15C4EB6B40}.Debug|Any CPU.Build.0 = Debug|Any CPU
		{A3CD01F5-A497-42C7-B0F4-FE15C4EB6B40}.Release|Any CPU.ActiveCfg = Release|Any CPU
		{A3CD01F5-A497-42C7-B0F4-FE15C4EB6B40}.Release|Any CPU.Build.0 = Release|Any CPU
		{B92FEC91-75BD-45C5-957D-83025EF85153}.Debug|Any CPU.ActiveCfg = Debug|Any CPU
		{B92FEC91-75BD-45C5-957D-83025EF85153}.Debug|Any CPU.Build.0 = Debug|Any CPU
		{B92FEC91-75BD-45C5-957D-83025EF85153}.Release|Any CPU.ActiveCfg = Release|Any CPU
		{B92FEC91-75BD-45C5-957D-83025EF85153}.Release|Any CPU.Build.0 = Release|Any CPU
		{F1595C9E-BC09-4E48-9C1D-2A42D1A770D4}.Debug|Any CPU.ActiveCfg = Debug|Any CPU
		{F1595C9E-BC09-4E48-9C1D-2A42D1A770D4}.Debug|Any CPU.Build.0 = Debug|Any CPU
		{F1595C9E-BC09-4E48-9C1D-2A42D1A770D4}.Release|Any CPU.ActiveCfg = Release|Any CPU
		{F1595C9E-BC09-4E48-9C1D-2A42D1A770D4}.Release|Any CPU.Build.0 = Release|Any CPU
		{BF46B028-1507-49DA-A2F9-A2C2CDD0C934}.Debug|Any CPU.ActiveCfg = Debug|Any CPU
		{BF46B028-1507-49DA-A2F9-A2C2CDD0C934}.Debug|Any CPU.Build.0 = Debug|Any CPU
		{BF46B028-1507-49DA-A2F9-A2C2CDD0C934}.Release|Any CPU.ActiveCfg = Release|Any CPU
		{BF46B028-1507-49DA-A2F9-A2C2CDD0C934}.Release|Any CPU.Build.0 = Release|Any CPU
		{3CDECABA-D296-4E39-A50C-5E724AF9FC11}.Debug|Any CPU.ActiveCfg = Debug|Any CPU
		{3CDECABA-D296-4E39-A50C-5E724AF9FC11}.Debug|Any CPU.Build.0 = Debug|Any CPU
		{3CDECABA-D296-4E39-A50C-5E724AF9FC11}.Release|Any CPU.ActiveCfg = Release|Any CPU
		{3CDECABA-D296-4E39-A50C-5E724AF9FC11}.Release|Any CPU.Build.0 = Release|Any CPU
		{CDF9ADFA-7CB1-4454-B9C4-953BE44F34A1}.Debug|Any CPU.ActiveCfg = Debug|Any CPU
		{CDF9ADFA-7CB1-4454-B9C4-953BE44F34A1}.Debug|Any CPU.Build.0 = Debug|Any CPU
		{CDF9ADFA-7CB1-4454-B9C4-953BE44F34A1}.Release|Any CPU.ActiveCfg = Release|Any CPU
		{CDF9ADFA-7CB1-4454-B9C4-953BE44F34A1}.Release|Any CPU.Build.0 = Release|Any CPU
		{EB4E5BC4-A9D8-488F-BBD9-643534000769}.Debug|Any CPU.ActiveCfg = Debug|Any CPU
		{EB4E5BC4-A9D8-488F-BBD9-643534000769}.Debug|Any CPU.Build.0 = Debug|Any CPU
		{EB4E5BC4-A9D8-488F-BBD9-643534000769}.Release|Any CPU.ActiveCfg = Release|Any CPU
		{EB4E5BC4-A9D8-488F-BBD9-643534000769}.Release|Any CPU.Build.0 = Release|Any CPU
		{291E9436-3E33-42CC-B87B-2DD3B7CFAF3E}.Debug|Any CPU.ActiveCfg = Debug|Any CPU
		{291E9436-3E33-42CC-B87B-2DD3B7CFAF3E}.Debug|Any CPU.Build.0 = Debug|Any CPU
		{291E9436-3E33-42CC-B87B-2DD3B7CFAF3E}.Release|Any CPU.ActiveCfg = Release|Any CPU
		{291E9436-3E33-42CC-B87B-2DD3B7CFAF3E}.Release|Any CPU.Build.0 = Release|Any CPU
		{055787E9-B49B-4283-91E3-4B1AAF55E67B}.Debug|Any CPU.ActiveCfg = Debug|Any CPU
		{055787E9-B49B-4283-91E3-4B1AAF55E67B}.Debug|Any CPU.Build.0 = Debug|Any CPU
		{055787E9-B49B-4283-91E3-4B1AAF55E67B}.Release|Any CPU.ActiveCfg = Release|Any CPU
		{055787E9-B49B-4283-91E3-4B1AAF55E67B}.Release|Any CPU.Build.0 = Release|Any CPU
		{CD630F9B-A12F-4FB1-B0B4-FBD74A228DC4}.Debug|Any CPU.ActiveCfg = Debug|Any CPU
		{CD630F9B-A12F-4FB1-B0B4-FBD74A228DC4}.Debug|Any CPU.Build.0 = Debug|Any CPU
		{CD630F9B-A12F-4FB1-B0B4-FBD74A228DC4}.Release|Any CPU.ActiveCfg = Release|Any CPU
		{CD630F9B-A12F-4FB1-B0B4-FBD74A228DC4}.Release|Any CPU.Build.0 = Release|Any CPU
		{AB5D58FB-22C8-4117-BA4E-BD6761E20FD0}.Debug|Any CPU.ActiveCfg = Debug|Any CPU
		{AB5D58FB-22C8-4117-BA4E-BD6761E20FD0}.Debug|Any CPU.Build.0 = Debug|Any CPU
		{AB5D58FB-22C8-4117-BA4E-BD6761E20FD0}.Release|Any CPU.ActiveCfg = Release|Any CPU
		{AB5D58FB-22C8-4117-BA4E-BD6761E20FD0}.Release|Any CPU.Build.0 = Release|Any CPU
		{F26B0AC3-7EA0-4A74-BC24-275AE5C8F838}.Debug|Any CPU.ActiveCfg = Debug|Any CPU
		{F26B0AC3-7EA0-4A74-BC24-275AE5C8F838}.Debug|Any CPU.Build.0 = Debug|Any CPU
		{F26B0AC3-7EA0-4A74-BC24-275AE5C8F838}.Release|Any CPU.ActiveCfg = Release|Any CPU
		{F26B0AC3-7EA0-4A74-BC24-275AE5C8F838}.Release|Any CPU.Build.0 = Release|Any CPU
		{7E2E80FF-D88B-4F8F-8B04-204097C396D9}.Debug|Any CPU.ActiveCfg = Debug|Any CPU
		{7E2E80FF-D88B-4F8F-8B04-204097C396D9}.Debug|Any CPU.Build.0 = Debug|Any CPU
		{7E2E80FF-D88B-4F8F-8B04-204097C396D9}.Release|Any CPU.ActiveCfg = Release|Any CPU
		{7E2E80FF-D88B-4F8F-8B04-204097C396D9}.Release|Any CPU.Build.0 = Release|Any CPU
		{838F573A-5E2D-4058-A1A3-127267CB6A5B}.Debug|Any CPU.ActiveCfg = Debug|Any CPU
		{838F573A-5E2D-4058-A1A3-127267CB6A5B}.Debug|Any CPU.Build.0 = Debug|Any CPU
		{838F573A-5E2D-4058-A1A3-127267CB6A5B}.Release|Any CPU.ActiveCfg = Release|Any CPU
		{838F573A-5E2D-4058-A1A3-127267CB6A5B}.Release|Any CPU.Build.0 = Release|Any CPU
		{6BE2EDDF-89C9-4243-AF75-574C9BD67DF4}.Debug|Any CPU.ActiveCfg = Debug|Any CPU
		{6BE2EDDF-89C9-4243-AF75-574C9BD67DF4}.Debug|Any CPU.Build.0 = Debug|Any CPU
		{6BE2EDDF-89C9-4243-AF75-574C9BD67DF4}.Release|Any CPU.ActiveCfg = Release|Any CPU
		{6BE2EDDF-89C9-4243-AF75-574C9BD67DF4}.Release|Any CPU.Build.0 = Release|Any CPU
		{F287F986-03DD-4DD7-97B8-5AAF0B5D0843}.Debug|Any CPU.ActiveCfg = Debug|Any CPU
		{F287F986-03DD-4DD7-97B8-5AAF0B5D0843}.Debug|Any CPU.Build.0 = Debug|Any CPU
		{F287F986-03DD-4DD7-97B8-5AAF0B5D0843}.Release|Any CPU.ActiveCfg = Release|Any CPU
		{F287F986-03DD-4DD7-97B8-5AAF0B5D0843}.Release|Any CPU.Build.0 = Release|Any CPU
		{D9853829-47D9-4923-BF8A-506B7CB4F56A}.Debug|Any CPU.ActiveCfg = Debug|Any CPU
		{D9853829-47D9-4923-BF8A-506B7CB4F56A}.Debug|Any CPU.Build.0 = Debug|Any CPU
		{D9853829-47D9-4923-BF8A-506B7CB4F56A}.Release|Any CPU.ActiveCfg = Release|Any CPU
		{D9853829-47D9-4923-BF8A-506B7CB4F56A}.Release|Any CPU.Build.0 = Release|Any CPU
		{3CC9B24F-583A-42C2-B147-F5648D923F60}.Debug|Any CPU.ActiveCfg = Debug|Any CPU
		{3CC9B24F-583A-42C2-B147-F5648D923F60}.Debug|Any CPU.Build.0 = Debug|Any CPU
		{3CC9B24F-583A-42C2-B147-F5648D923F60}.Release|Any CPU.ActiveCfg = Release|Any CPU
		{3CC9B24F-583A-42C2-B147-F5648D923F60}.Release|Any CPU.Build.0 = Release|Any CPU
		{EF78AB42-6E54-46EF-B6DD-F6BBD5A60A1A}.Debug|Any CPU.ActiveCfg = Debug|Any CPU
		{EF78AB42-6E54-46EF-B6DD-F6BBD5A60A1A}.Debug|Any CPU.Build.0 = Debug|Any CPU
		{EF78AB42-6E54-46EF-B6DD-F6BBD5A60A1A}.Release|Any CPU.ActiveCfg = Release|Any CPU
		{EF78AB42-6E54-46EF-B6DD-F6BBD5A60A1A}.Release|Any CPU.Build.0 = Release|Any CPU
		{E546CB77-EA3A-4328-AD14-1144600A071B}.Debug|Any CPU.ActiveCfg = Debug|Any CPU
		{E546CB77-EA3A-4328-AD14-1144600A071B}.Debug|Any CPU.Build.0 = Debug|Any CPU
		{E546CB77-EA3A-4328-AD14-1144600A071B}.Release|Any CPU.ActiveCfg = Release|Any CPU
		{E546CB77-EA3A-4328-AD14-1144600A071B}.Release|Any CPU.Build.0 = Release|Any CPU
		{DA7C9721-30E3-4940-90D1-E992F9D32018}.Debug|Any CPU.ActiveCfg = Debug|Any CPU
		{DA7C9721-30E3-4940-90D1-E992F9D32018}.Debug|Any CPU.Build.0 = Debug|Any CPU
		{DA7C9721-30E3-4940-90D1-E992F9D32018}.Release|Any CPU.ActiveCfg = Release|Any CPU
		{DA7C9721-30E3-4940-90D1-E992F9D32018}.Release|Any CPU.Build.0 = Release|Any CPU
		{72F3A740-15D8-4971-A00F-8E3A1EF7AB5D}.Debug|Any CPU.ActiveCfg = Debug|Any CPU
		{72F3A740-15D8-4971-A00F-8E3A1EF7AB5D}.Debug|Any CPU.Build.0 = Debug|Any CPU
		{72F3A740-15D8-4971-A00F-8E3A1EF7AB5D}.Release|Any CPU.ActiveCfg = Release|Any CPU
		{72F3A740-15D8-4971-A00F-8E3A1EF7AB5D}.Release|Any CPU.Build.0 = Release|Any CPU
		{F4AA264A-1D36-43B9-9647-B0A2B89952D4}.Debug|Any CPU.ActiveCfg = Debug|Any CPU
		{F4AA264A-1D36-43B9-9647-B0A2B89952D4}.Debug|Any CPU.Build.0 = Debug|Any CPU
		{F4AA264A-1D36-43B9-9647-B0A2B89952D4}.Release|Any CPU.ActiveCfg = Release|Any CPU
		{F4AA264A-1D36-43B9-9647-B0A2B89952D4}.Release|Any CPU.Build.0 = Release|Any CPU
	EndGlobalSection
	GlobalSection(SolutionProperties) = preSolution
		HideSolutionNode = FALSE
	EndGlobalSection
	GlobalSection(ExtensibilityGlobals) = postSolution
		SolutionGuid = {7B321C4F-244D-45D1-BF5A-CCEC086AA786}
	EndGlobalSection
EndGlobal
